{
  "requires": true,
  "lockfileVersion": 1,
  "dependencies": {
    "webix": {
      "version": "8.2.0",
      "resolved": "https://registry.npmjs.org/webix/-/webix-8.2.0.tgz",
      "integrity": "sha512-pNte905XGC+5Mzlt4BkJt1C3UeEQwpr+JJwavi0me4aUTABrXGZqoSikZdSgYJZmt3i4cErIDm+la3DOFA2nwA=="
    }
  }
}
